# This file is autogenerated, do not edit; changes may be undone by the next 'dep ensure'.


[[projects]]
  name = "github.com/OneOfOne/xxhash"
  packages = ["."]
  revision = "6def279d2ce6c81a79dd1c1be580f03bb216fb8a"
  version = "v1.2.2"

[[projects]]
  branch = "master"
  name = "github.com/bwesterb/go-ristretto"
  packages = [
    ".",
    "edwards25519"
  ]
  revision = "1b46c063c3a74f24e796f1592861494dc6ef63a6"

[[projects]]
  name = "github.com/golang/protobuf"
  packages = ["proto"]
  revision = "aa810b61a9c79d51363740d207bb46cf8e620ed5"
  version = "v1.2.0"

[[projects]]
  name = "github.com/hashicorp/errwrap"
  packages = ["."]
  revision = "8a6fb523712970c966eefc6b39ed2c5e74880354"
  version = "v1.0.0"

[[projects]]
  name = "github.com/hashicorp/go-multierror"
  packages = ["."]
  revision = "886a7fbe3eb1c874d46f623bfa70af45f425b3d1"
  version = "v1.0.0"

[[projects]]
  branch = "master"
  name = "github.com/phf/go-queue"
  packages = ["queue"]
  revision = "9abe38d0371deb4049011737cbd30e4ba80c673b"

[[projects]]
  name = "gopkg.in/yaml.v2"
  packages = ["."]
  revision = "5420a8b6744d3b0345ab293f6fcba19c978f1183"
  version = "v2.2.1"

[solve-meta]
  analyzer-name = "dep"
  analyzer-version = 1
  inputs-digest = "e54e8f3563cccfe49795a1e259ed2f14ed4b06d7711d4494e80ddf1f08ac2ab0"
  solver-name = "gps-cdcl"
  solver-version = 1
